{
  "name": "todo-api",
  "version": "1.0.0",
  "lockfileVersion": 3,
  "requires": true,
  "packages": {
    "": {
      "name": "todo-api",
      "version": "1.0.0",
      "dependencies": {
        "cors": "...",
        "dotenv": "...",
        "express": "...",
        "mongoose": "..."
      }
    },
    "...": {},
    "node_modules/cors": {
      "resolved": "...",
      "link": true
    },
    "node_modules/dotenv": {
      "resolved": "...",
      "link": true
    },
    "node_modules/express": {
      "resolved": "...",
      "link": true
    },
    "node_modules/mongoose": {
      "resolved": "...",
      "link": true
    }
  }
}
